
Microsoft Visual Studio Solution File, Format Version 12.00
# Visual Studio Version 17
VisualStudioVersion = 17.5.002.0
MinimumVisualStudioVersion = 10.0.40219.1
Project("{9A19103F-16F7-4668-BE54-9A1E7A4F7556}") = "Task3", "Task3.csproj", "{C4899DA7-969B-46E4-A968-0488FE6EBACD}"
EndProject
Global
	GlobalSection(SolutionConfigurationPlatforms) = preSolution
		Debug|Any CPU = Debug|Any CPU
		Release|Any CPU = Release|Any CPU
	EndGlobalSection
	GlobalSection(ProjectConfigurationPlatforms) = postSolution
		{C4899DA7-969B-46E4-A968-0488FE6EBACD}.Debug|Any CPU.ActiveCfg = Debug|Any CPU
		{C4899DA7-969B-46E4-A968-0488FE6EBACD}.Debug|Any CPU.Build.0 = Debug|Any CPU
		{C4899DA7-969B-46E4-A968-0488FE6EBACD}.Release|Any CPU.ActiveCfg = Release|Any CPU
		{C4899DA7-969B-46E4-A968-0488FE6EBACD}.Release|Any CPU.Build.0 = Release|Any CPU
	EndGlobalSection
	GlobalSection(SolutionProperties) = preSolution
		HideSolutionNode = FALSE
	EndGlobalSection
	GlobalSection(ExtensibilityGlobals) = postSolution
		SolutionGuid = {EDFCD665-A158-4F4C-8BDA-F0BB87821DFD}
	EndGlobalSection
EndGlobal
