
Microsoft Visual Studio Solution File, Format Version 12.00
# Visual Studio Version 17
VisualStudioVersion = 17.5.002.0
MinimumVisualStudioVersion = 10.0.40219.1
Project("{9A19103F-16F7-4668-BE54-9A1E7A4F7556}") = "Task2", "Task2.csproj", "{A65A4EBB-2670-4919-B92C-67F60E85BA78}"
EndProject
Global
	GlobalSection(SolutionConfigurationPlatforms) = preSolution
		Debug|Any CPU = Debug|Any CPU
		Release|Any CPU = Release|Any CPU
	EndGlobalSection
	GlobalSection(ProjectConfigurationPlatforms) = postSolution
		{A65A4EBB-2670-4919-B92C-67F60E85BA78}.Debug|Any CPU.ActiveCfg = Debug|Any CPU
		{A65A4EBB-2670-4919-B92C-67F60E85BA78}.Debug|Any CPU.Build.0 = Debug|Any CPU
		{A65A4EBB-2670-4919-B92C-67F60E85BA78}.Release|Any CPU.ActiveCfg = Release|Any CPU
		{A65A4EBB-2670-4919-B92C-67F60E85BA78}.Release|Any CPU.Build.0 = Release|Any CPU
	EndGlobalSection
	GlobalSection(SolutionProperties) = preSolution
		HideSolutionNode = FALSE
	EndGlobalSection
	GlobalSection(ExtensibilityGlobals) = postSolution
		SolutionGuid = {2628609E-A88F-4521-9B35-120E236399F3}
	EndGlobalSection
EndGlobal
