
Microsoft Visual Studio Solution File, Format Version 12.00
# Visual Studio Version 17
VisualStudioVersion = 17.5.002.0
MinimumVisualStudioVersion = 10.0.40219.1
Project("{9A19103F-16F7-4668-BE54-9A1E7A4F7556}") = "Task8", "Task8.csproj", "{320B3721-1BCF-4A17-91E2-1936CC542FDF}"
EndProject
Global
	GlobalSection(SolutionConfigurationPlatforms) = preSolution
		Debug|Any CPU = Debug|Any CPU
		Release|Any CPU = Release|Any CPU
	EndGlobalSection
	GlobalSection(ProjectConfigurationPlatforms) = postSolution
		{320B3721-1BCF-4A17-91E2-1936CC542FDF}.Debug|Any CPU.ActiveCfg = Debug|Any CPU
		{320B3721-1BCF-4A17-91E2-1936CC542FDF}.Debug|Any CPU.Build.0 = Debug|Any CPU
		{320B3721-1BCF-4A17-91E2-1936CC542FDF}.Release|Any CPU.ActiveCfg = Release|Any CPU
		{320B3721-1BCF-4A17-91E2-1936CC542FDF}.Release|Any CPU.Build.0 = Release|Any CPU
	EndGlobalSection
	GlobalSection(SolutionProperties) = preSolution
		HideSolutionNode = FALSE
	EndGlobalSection
	GlobalSection(ExtensibilityGlobals) = postSolution
		SolutionGuid = {3FD87641-E001-4469-8E94-A62CF4B568E3}
	EndGlobalSection
EndGlobal
